// !$*UTF8*$!
{
	archiveVersion = 1;
	classes = {
	};
	objectVersion = 51;
	objects = {

/* Begin PBXBuildFile section */
		066649C29C3732A77D03FBF7 /* Scaremonger.h in Headers */ = {isa = PBXBuildFile; fileRef = A768C631AE5E9FB338FD2F12 /* Scaremonger.h */; settings = {ATTRIBUTES = (Public, ); }; };
		518180AB8D7D2FA12449513C /* Scaremonger.h in Headers */ = {isa = PBXBuildFile; fileRef = A768C631AE5E9FB338FD2F12 /* Scaremonger.h */; settings = {ATTRIBUTES = (Public, ); }; };
		67F280F6A7BF628CBDA740F6 /* Scaremonger.h in Headers */ = {isa = PBXBuildFile; fileRef = A768C631AE5E9FB338FD2F12 /* Scaremonger.h */; settings = {ATTRIBUTES = (Public, ); }; };
/* End PBXBuildFile section */

/* Begin PBXFileReference section */
		45C79E26F080F71E23D961A7 /* Scaremonger-tvOS.framework */ = {isa = PBXFileReference; explicitFileType = wrapper.framework; includeInIndex = 0; path = "Scaremonger-tvOS.framework"; sourceTree = BUILT_PRODUCTS_DIR; };
		4756BFB1966D68F470592EDF /* Scaremonger-iOS.framework */ = {isa = PBXFileReference; explicitFileType = wrapper.framework; includeInIndex = 0; path = "Scaremonger-iOS.framework"; sourceTree = BUILT_PRODUCTS_DIR; };
		A768C631AE5E9FB338FD2F12 /* Scaremonger.h */ = {isa = PBXFileReference; lastKnownFileType = sourcecode.c.h; path = Scaremonger.h; sourceTree = "<group>"; };
		AF56C0A7793DBF7E05322521 /* Scaremonger-watchOS.framework */ = {isa = PBXFileReference; explicitFileType = wrapper.framework; includeInIndex = 0; path = "Scaremonger-watchOS.framework"; sourceTree = BUILT_PRODUCTS_DIR; };
/* End PBXFileReference section */

/* Begin PBXGroup section */
		0B79BD10DA8DFACB2F0A6822 = {
			isa = PBXGroup;
			children = (
				76C1E0F75DE201E3BC25AC63 /* Sources */,
				202F19483BFB20123680014E /* Products */,
			);
			indentWidth = 4;
			sourceTree = "<group>";
			usesTabs = 0;
		};
		202F19483BFB20123680014E /* Products */ = {
			isa = PBXGroup;
			children = (
				4756BFB1966D68F470592EDF /* Scaremonger-iOS.framework */,
				45C79E26F080F71E23D961A7 /* Scaremonger-tvOS.framework */,
				AF56C0A7793DBF7E05322521 /* Scaremonger-watchOS.framework */,
			);
			name = Products;
			sourceTree = "<group>";
		};
		5FCE062CAFEF1601ECC707AE /* Enums */ = {
			isa = PBXGroup;
			children = (
			);
			path = Enums;
			sourceTree = "<group>";
		};
		76C1E0F75DE201E3BC25AC63 /* Sources */ = {
			isa = PBXGroup;
			children = (
				A768C631AE5E9FB338FD2F12 /* Scaremonger.h */,
				B16BFC835DC834339D182A09 /* Classes */,
				5FCE062CAFEF1601ECC707AE /* Enums */,
				A9A63356F4F7EA8D603AF28B /* Extensions */,
				EC8F5BF3993DA4D4F409E898 /* Functions */,
				EA02EC17C489B82670F04996 /* Protocols */,
				DFB870347D39FABA3E5E2900 /* Structures */,
			);
			path = Sources;
			sourceTree = "<group>";
		};
		A9A63356F4F7EA8D603AF28B /* Extensions */ = {
			isa = PBXGroup;
			children = (
			);
			path = Extensions;
			sourceTree = "<group>";
		};
		B16BFC835DC834339D182A09 /* Classes */ = {
			isa = PBXGroup;
			children = (
			);
			path = Classes;
			sourceTree = "<group>";
		};
		DFB870347D39FABA3E5E2900 /* Structures */ = {
			isa = PBXGroup;
			children = (
			);
			path = Structures;
			sourceTree = "<group>";
		};
		EA02EC17C489B82670F04996 /* Protocols */ = {
			isa = PBXGroup;
			children = (
			);
			path = Protocols;
			sourceTree = "<group>";
		};
		EC8F5BF3993DA4D4F409E898 /* Functions */ = {
			isa = PBXGroup;
			children = (
			);
			path = Functions;
			sourceTree = "<group>";
		};
/* End PBXGroup section */

/* Begin PBXHeadersBuildPhase section */
		49D38CB4A6A7C448B85B746E /* Headers */ = {
			isa = PBXHeadersBuildPhase;
			buildActionMask = 2147483647;
			files = (
				518180AB8D7D2FA12449513C /* Scaremonger.h in Headers */,
			);
			runOnlyForDeploymentPostprocessing = 0;
		};
		94928D765DD8426E1495DD8B /* Headers */ = {
			isa = PBXHeadersBuildPhase;
			buildActionMask = 2147483647;
			files = (
				066649C29C3732A77D03FBF7 /* Scaremonger.h in Headers */,
			);
			runOnlyForDeploymentPostprocessing = 0;
		};
		C33685EC59B54DFDDE9F8442 /* Headers */ = {
			isa = PBXHeadersBuildPhase;
			buildActionMask = 2147483647;
			files = (
				67F280F6A7BF628CBDA740F6 /* Scaremonger.h in Headers */,
			);
			runOnlyForDeploymentPostprocessing = 0;
		};
/* End PBXHeadersBuildPhase section */

/* Begin PBXNativeTarget section */
		1071D1FFCAA7A772D8D33939 /* Scaremonger-iOS */ = {
			isa = PBXNativeTarget;
			buildConfigurationList = BBCD3AD59DF630D65C69CE3D /* Build configuration list for PBXNativeTarget "Scaremonger-iOS" */;
			buildPhases = (
				C33685EC59B54DFDDE9F8442 /* Headers */,
				C4F6144A1970C6F4958AB1E0 /* Sources */,
				825C934EDBE8D478517343EF /* Swiftlint */,
				A4FC291D889EC6661EC75287 /* CopyPaste Detection */,
			);
			buildRules = (
			);
			dependencies = (
			);
			name = "Scaremonger-iOS";
			productName = "Scaremonger-iOS";
			productReference = 4756BFB1966D68F470592EDF /* Scaremonger-iOS.framework */;
			productType = "com.apple.product-type.framework";
		};
		40810FAD0836171FB20337B5 /* Scaremonger-watchOS */ = {
			isa = PBXNativeTarget;
			buildConfigurationList = EF4FB67285840C0179FC69F9 /* Build configuration list for PBXNativeTarget "Scaremonger-watchOS" */;
			buildPhases = (
				49D38CB4A6A7C448B85B746E /* Headers */,
				D5C7194B3A7F8714AE383A78 /* Sources */,
				C4E22B5038FF6FEE56551D26 /* Swiftlint */,
				7A2C9AF063CB589C326C8638 /* CopyPaste Detection */,
			);
			buildRules = (
			);
			dependencies = (
			);
			name = "Scaremonger-watchOS";
			productName = "Scaremonger-watchOS";
			productReference = AF56C0A7793DBF7E05322521 /* Scaremonger-watchOS.framework */;
			productType = "com.apple.product-type.framework";
		};
		E77FF73C711AE9B6959D2E0F /* Scaremonger-tvOS */ = {
			isa = PBXNativeTarget;
			buildConfigurationList = F1085D46C5D8AE5160F51402 /* Build configuration list for PBXNativeTarget "Scaremonger-tvOS" */;
			buildPhases = (
				94928D765DD8426E1495DD8B /* Headers */,
				BEF090AD36D2477303AD6F40 /* Sources */,
				2F876E43EF75F8CCA3EB090B /* Swiftlint */,
				5EC7A3DA6B1EDE1721BEB100 /* CopyPaste Detection */,
			);
			buildRules = (
			);
			dependencies = (
			);
			name = "Scaremonger-tvOS";
			productName = "Scaremonger-tvOS";
			productReference = 45C79E26F080F71E23D961A7 /* Scaremonger-tvOS.framework */;
			productType = "com.apple.product-type.framework";
		};
/* End PBXNativeTarget section */

/* Begin PBXProject section */
		C3810F9C8437C108A3007194 /* Project object */ = {
			isa = PBXProject;
			attributes = {
				LastUpgradeCheck = 1030;
			};
			buildConfigurationList = C910904618693F2A6C237659 /* Build configuration list for PBXProject "Scaremonger" */;
			compatibilityVersion = "Xcode 10.0";
			developmentRegion = en;
			hasScannedForEncodings = 0;
			knownRegions = (
				en,
			);
			mainGroup = 0B79BD10DA8DFACB2F0A6822;
			projectDirPath = "";
			projectRoot = "";
			targets = (
				1071D1FFCAA7A772D8D33939 /* Scaremonger-iOS */,
				E77FF73C711AE9B6959D2E0F /* Scaremonger-tvOS */,
				40810FAD0836171FB20337B5 /* Scaremonger-watchOS */,
			);
		};
/* End PBXProject section */

/* Begin PBXShellScriptBuildPhase section */
		2F876E43EF75F8CCA3EB090B /* Swiftlint */ = {
			isa = PBXShellScriptBuildPhase;
			buildActionMask = 2147483647;
			files = (
			);
			inputFileListPaths = (
			);
			inputPaths = (
			);
			name = Swiftlint;
			outputFileListPaths = (
			);
			outputPaths = (
			);
			runOnlyForDeploymentPostprocessing = 0;
			shellPath = /bin/sh;
			shellScript = ". build-scripts/xcode/build_phases/swiftlint.sh Sources";
		};
		5EC7A3DA6B1EDE1721BEB100 /* CopyPaste Detection */ = {
			isa = PBXShellScriptBuildPhase;
			buildActionMask = 2147483647;
			files = (
			);
			inputFileListPaths = (
			);
			inputPaths = (
			);
			name = "CopyPaste Detection";
			outputFileListPaths = (
			);
			outputPaths = (
			);
			runOnlyForDeploymentPostprocessing = 0;
			shellPath = /bin/sh;
			shellScript = ". build-scripts/xcode/build_phases/copy_paste_detection.sh Sources";
		};
		7A2C9AF063CB589C326C8638 /* CopyPaste Detection */ = {
			isa = PBXShellScriptBuildPhase;
			buildActionMask = 2147483647;
			files = (
			);
			inputFileListPaths = (
			);
			inputPaths = (
			);
			name = "CopyPaste Detection";
			outputFileListPaths = (
			);
			outputPaths = (
			);
			runOnlyForDeploymentPostprocessing = 0;
			shellPath = /bin/sh;
			shellScript = ". build-scripts/xcode/build_phases/copy_paste_detection.sh Sources";
		};
		825C934EDBE8D478517343EF /* Swiftlint */ = {
			isa = PBXShellScriptBuildPhase;
			buildActionMask = 2147483647;
			files = (
			);
			inputFileListPaths = (
			);
			inputPaths = (
			);
			name = Swiftlint;
			outputFileListPaths = (
			);
			outputPaths = (
			);
			runOnlyForDeploymentPostprocessing = 0;
			shellPath = /bin/sh;
			shellScript = ". build-scripts/xcode/build_phases/swiftlint.sh Sources";
		};
		A4FC291D889EC6661EC75287 /* CopyPaste Detection */ = {
			isa = PBXShellScriptBuildPhase;
			buildActionMask = 2147483647;
			files = (
			);
			inputFileListPaths = (
			);
			inputPaths = (
			);
			name = "CopyPaste Detection";
			outputFileListPaths = (
			);
			outputPaths = (
			);
			runOnlyForDeploymentPostprocessing = 0;
			shellPath = /bin/sh;
			shellScript = ". build-scripts/xcode/build_phases/copy_paste_detection.sh Sources";
		};
		C4E22B5038FF6FEE56551D26 /* Swiftlint */ = {
			isa = PBXShellScriptBuildPhase;
			buildActionMask = 2147483647;
			files = (
			);
			inputFileListPaths = (
			);
			inputPaths = (
			);
			name = Swiftlint;
			outputFileListPaths = (
			);
			outputPaths = (
			);
			runOnlyForDeploymentPostprocessing = 0;
			shellPath = /bin/sh;
			shellScript = ". build-scripts/xcode/build_phases/swiftlint.sh Sources";
		};
/* End PBXShellScriptBuildPhase section */

/* Begin PBXSourcesBuildPhase section */
		BEF090AD36D2477303AD6F40 /* Sources */ = {
			isa = PBXSourcesBuildPhase;
			buildActionMask = 2147483647;
			files = (
			);
			runOnlyForDeploymentPostprocessing = 0;
		};
		C4F6144A1970C6F4958AB1E0 /* Sources */ = {
			isa = PBXSourcesBuildPhase;
			buildActionMask = 2147483647;
			files = (
			);
			runOnlyForDeploymentPostprocessing = 0;
		};
		D5C7194B3A7F8714AE383A78 /* Sources */ = {
			isa = PBXSourcesBuildPhase;
			buildActionMask = 2147483647;
			files = (
			);
			runOnlyForDeploymentPostprocessing = 0;
		};
/* End PBXSourcesBuildPhase section */

/* Begin XCBuildConfiguration section */
		135D9C0199F3582C2A0A9828 /* Debug */ = {
			isa = XCBuildConfiguration;
			buildSettings = {
				CODE_SIGN_IDENTITY = "";
				CURRENT_PROJECT_VERSION = 1;
				DEFINES_MODULE = YES;
				DYLIB_COMPATIBILITY_VERSION = 1;
				DYLIB_CURRENT_VERSION = 1;
				DYLIB_INSTALL_NAME_BASE = "@rpath";
				INFOPLIST_FILE = "Sources/Info-tvOS.plist";
				INSTALL_PATH = "$(LOCAL_LIBRARY_DIR)/Frameworks";
				LD_RUNPATH_SEARCH_PATHS = "$(inherited) @executable_path/Frameworks";
				PRODUCT_NAME = Scaremonger;
				SDKROOT = appletvos;
				SKIP_INSTALL = YES;
				SWIFT_VERSION = 5.0;
				TARGETED_DEVICE_FAMILY = 3;
				VERSIONING_SYSTEM = "apple-generic";
			};
			name = Debug;
		};
		230966AF5298438C31C2C6D5 /* Release */ = {
			isa = XCBuildConfiguration;
			buildSettings = {
				ALWAYS_SEARCH_USER_PATHS = NO;
				CLANG_ANALYZER_NONNULL = YES;
				CLANG_ANALYZER_NUMBER_OBJECT_CONVERSION = YES_AGGRESSIVE;
				CLANG_CXX_LANGUAGE_STANDARD = "gnu++14";
				CLANG_CXX_LIBRARY = "libc++";
				CLANG_ENABLE_MODULES = YES;
				CLANG_ENABLE_OBJC_ARC = YES;
				CLANG_WARN_BLOCK_CAPTURE_AUTORELEASING = YES;
				CLANG_WARN_BOOL_CONVERSION = YES;
				CLANG_WARN_COMMA = YES;
				CLANG_WARN_CONSTANT_CONVERSION = YES;
				CLANG_WARN_DEPRECATED_OBJC_IMPLEMENTATIONS = YES;
				CLANG_WARN_DIRECT_OBJC_ISA_USAGE = YES_ERROR;
				CLANG_WARN_DOCUMENTATION_COMMENTS = YES;
				CLANG_WARN_EMPTY_BODY = YES;
				CLANG_WARN_ENUM_CONVERSION = YES;
				CLANG_WARN_INFINITE_RECURSION = YES;
				CLANG_WARN_INT_CONVERSION = YES;
				CLANG_WARN_NON_LITERAL_NULL_CONVERSION = YES;
				CLANG_WARN_OBJC_IMPLICIT_RETAIN_SELF = YES;
				CLANG_WARN_OBJC_LITERAL_CONVERSION = YES;
				CLANG_WARN_OBJC_ROOT_CLASS = YES_ERROR;
				CLANG_WARN_RANGE_LOOP_ANALYSIS = YES;
				CLANG_WARN_STRICT_PROTOTYPES = YES;
				CLANG_WARN_SUSPICIOUS_MOVE = YES;
				CLANG_WARN_UNGUARDED_AVAILABILITY = YES_AGGRESSIVE;
				CLANG_WARN_UNREACHABLE_CODE = YES;
				CLANG_WARN__DUPLICATE_METHOD_MATCH = YES;
				COPY_PHASE_STRIP = NO;
				DEBUG_INFORMATION_FORMAT = "dwarf-with-dsym";
				ENABLE_NS_ASSERTIONS = NO;
				ENABLE_STRICT_OBJC_MSGSEND = YES;
				GCC_C_LANGUAGE_STANDARD = gnu11;
				GCC_NO_COMMON_BLOCKS = YES;
				GCC_WARN_64_TO_32_BIT_CONVERSION = YES;
				GCC_WARN_ABOUT_RETURN_TYPE = YES_ERROR;
				GCC_WARN_UNDECLARED_SELECTOR = YES;
				GCC_WARN_UNINITIALIZED_AUTOS = YES_AGGRESSIVE;
				GCC_WARN_UNUSED_FUNCTION = YES;
				GCC_WARN_UNUSED_VARIABLE = YES;
				IPHONEOS_DEPLOYMENT_TARGET = 9.0;
				PRODUCT_NAME = "$(TARGET_NAME)";
				SWIFT_COMPILATION_MODE = wholemodule;
				SWIFT_VERSION = 5.0;
				TVOS_DEPLOYMENT_TARGET = 9.0;
				VALIDATE_PRODUCT = YES;
				WATCHOS_DEPLOYMENT_TARGET = 2.0;
			};
			name = Release;
		};
		3AE45114DFD0652F961DF854 /* Release */ = {
			isa = XCBuildConfiguration;
			buildSettings = {
				CODE_SIGN_IDENTITY = "";
				CURRENT_PROJECT_VERSION = 1;
				DEFINES_MODULE = YES;
				DYLIB_COMPATIBILITY_VERSION = 1;
				DYLIB_CURRENT_VERSION = 1;
				DYLIB_INSTALL_NAME_BASE = "@rpath";
				INFOPLIST_FILE = "Sources/Info-watchOS.plist";
				INSTALL_PATH = "$(LOCAL_LIBRARY_DIR)/Frameworks";
				PRODUCT_NAME = Scaremonger;
				SDKROOT = watchos;
				SKIP_INSTALL = YES;
				SWIFT_VERSION = 5.0;
				TARGETED_DEVICE_FAMILY = 4;
				VERSIONING_SYSTEM = "apple-generic";
			};
			name = Release;
		};
		6E02695E58F42E814713B7F6 /* Debug */ = {
			isa = XCBuildConfiguration;
			buildSettings = {
				CODE_SIGN_IDENTITY = "";
				CURRENT_PROJECT_VERSION = 1;
				DEFINES_MODULE = YES;
				DYLIB_COMPATIBILITY_VERSION = 1;
				DYLIB_CURRENT_VERSION = 1;
				DYLIB_INSTALL_NAME_BASE = "@rpath";
				INFOPLIST_FILE = "Sources/Info-watchOS.plist";
				INSTALL_PATH = "$(LOCAL_LIBRARY_DIR)/Frameworks";
				PRODUCT_NAME = Scaremonger;
				SDKROOT = watchos;
				SKIP_INSTALL = YES;
				SWIFT_VERSION = 5.0;
				TARGETED_DEVICE_FAMILY = 4;
				VERSIONING_SYSTEM = "apple-generic";
			};
			name = Debug;
		};
		93C629C12BFBD416D38AEE84 /* Debug */ = {
			isa = XCBuildConfiguration;
			buildSettings = {
				ALWAYS_SEARCH_USER_PATHS = NO;
				CLANG_ANALYZER_NONNULL = YES;
				CLANG_ANALYZER_NUMBER_OBJECT_CONVERSION = YES_AGGRESSIVE;
				CLANG_CXX_LANGUAGE_STANDARD = "gnu++14";
				CLANG_CXX_LIBRARY = "libc++";
				CLANG_ENABLE_MODULES = YES;
				CLANG_ENABLE_OBJC_ARC = YES;
				CLANG_WARN_BLOCK_CAPTURE_AUTORELEASING = YES;
				CLANG_WARN_BOOL_CONVERSION = YES;
				CLANG_WARN_COMMA = YES;
				CLANG_WARN_CONSTANT_CONVERSION = YES;
				CLANG_WARN_DEPRECATED_OBJC_IMPLEMENTATIONS = YES;
				CLANG_WARN_DIRECT_OBJC_ISA_USAGE = YES_ERROR;
				CLANG_WARN_DOCUMENTATION_COMMENTS = YES;
				CLANG_WARN_EMPTY_BODY = YES;
				CLANG_WARN_ENUM_CONVERSION = YES;
				CLANG_WARN_INFINITE_RECURSION = YES;
				CLANG_WARN_INT_CONVERSION = YES;
				CLANG_WARN_NON_LITERAL_NULL_CONVERSION = YES;
				CLANG_WARN_OBJC_IMPLICIT_RETAIN_SELF = YES;
				CLANG_WARN_OBJC_LITERAL_CONVERSION = YES;
				CLANG_WARN_OBJC_ROOT_CLASS = YES_ERROR;
				CLANG_WARN_RANGE_LOOP_ANALYSIS = YES;
				CLANG_WARN_STRICT_PROTOTYPES = YES;
				CLANG_WARN_SUSPICIOUS_MOVE = YES;
				CLANG_WARN_UNGUARDED_AVAILABILITY = YES_AGGRESSIVE;
				CLANG_WARN_UNREACHABLE_CODE = YES;
				CLANG_WARN__DUPLICATE_METHOD_MATCH = YES;
				COPY_PHASE_STRIP = NO;
				DEBUG_INFORMATION_FORMAT = dwarf;
				ENABLE_STRICT_OBJC_MSGSEND = YES;
				ENABLE_TESTABILITY = YES;
				GCC_C_LANGUAGE_STANDARD = gnu11;
				GCC_DYNAMIC_NO_PIC = NO;
				GCC_NO_COMMON_BLOCKS = YES;
				GCC_OPTIMIZATION_LEVEL = 0;
				GCC_PREPROCESSOR_DEFINITIONS = (
					"$(inherited)",
					"DEBUG=1",
				);
				GCC_WARN_64_TO_32_BIT_CONVERSION = YES;
				GCC_WARN_ABOUT_RETURN_TYPE = YES_ERROR;
				GCC_WARN_UNDECLARED_SELECTOR = YES;
				GCC_WARN_UNINITIALIZED_AUTOS = YES_AGGRESSIVE;
				GCC_WARN_UNUSED_FUNCTION = YES;
				GCC_WARN_UNUSED_VARIABLE = YES;
				IPHONEOS_DEPLOYMENT_TARGET = 9.0;
				MTL_ENABLE_DEBUG_INFO = YES;
				ONLY_ACTIVE_ARCH = YES;
				PRODUCT_NAME = "$(TARGET_NAME)";
				SWIFT_ACTIVE_COMPILATION_CONDITIONS = DEBUG;
				SWIFT_OPTIMIZATION_LEVEL = "-Onone";
				SWIFT_VERSION = 5.0;
				TVOS_DEPLOYMENT_TARGET = 9.0;
				WATCHOS_DEPLOYMENT_TARGET = 2.0;
			};
			name = Debug;
		};
		C3C7D7CD76FBF6081C2378EF /* Release */ = {
			isa = XCBuildConfiguration;
			buildSettings = {
				CLANG_ANALYZER_LOCALIZABILITY_NONLOCALIZED = YES;
				CODE_SIGN_IDENTITY = "";
				CURRENT_PROJECT_VERSION = 1;
				DEFINES_MODULE = YES;
				DYLIB_COMPATIBILITY_VERSION = 1;
				DYLIB_CURRENT_VERSION = 1;
				DYLIB_INSTALL_NAME_BASE = "@rpath";
				INFOPLIST_FILE = "Sources/Info-iOS.plist";
				INSTALL_PATH = "$(LOCAL_LIBRARY_DIR)/Frameworks";
				LD_RUNPATH_SEARCH_PATHS = "$(inherited) @executable_path/Frameworks";
				PRODUCT_NAME = Scaremonger;
				SDKROOT = iphoneos;
				SKIP_INSTALL = YES;
				SWIFT_VERSION = 5.0;
				TARGETED_DEVICE_FAMILY = "1,2";
				VERSIONING_SYSTEM = "apple-generic";
			};
			name = Release;
		};
		E18A421A143DC82637485729 /* Debug */ = {
			isa = XCBuildConfiguration;
			buildSettings = {
				CLANG_ANALYZER_LOCALIZABILITY_NONLOCALIZED = YES;
				CODE_SIGN_IDENTITY = "";
				CURRENT_PROJECT_VERSION = 1;
				DEFINES_MODULE = YES;
				DYLIB_COMPATIBILITY_VERSION = 1;
				DYLIB_CURRENT_VERSION = 1;
				DYLIB_INSTALL_NAME_BASE = "@rpath";
				INFOPLIST_FILE = "Sources/Info-iOS.plist";
				INSTALL_PATH = "$(LOCAL_LIBRARY_DIR)/Frameworks";
				LD_RUNPATH_SEARCH_PATHS = "$(inherited) @executable_path/Frameworks";
				PRODUCT_NAME = Scaremonger;
				SDKROOT = iphoneos;
				SKIP_INSTALL = YES;
				SWIFT_VERSION = 5.0;
				TARGETED_DEVICE_FAMILY = "1,2";
				VERSIONING_SYSTEM = "apple-generic";
			};
			name = Debug;
		};
		EA4B9F150AA616503DCEEE40 /* Release */ = {
			isa = XCBuildConfiguration;
			buildSettings = {
				CODE_SIGN_IDENTITY = "";
				CURRENT_PROJECT_VERSION = 1;
				DEFINES_MODULE = YES;
				DYLIB_COMPATIBILITY_VERSION = 1;
				DYLIB_CURRENT_VERSION = 1;
				DYLIB_INSTALL_NAME_BASE = "@rpath";
				INFOPLIST_FILE = "Sources/Info-tvOS.plist";
				INSTALL_PATH = "$(LOCAL_LIBRARY_DIR)/Frameworks";
				LD_RUNPATH_SEARCH_PATHS = "$(inherited) @executable_path/Frameworks";
				PRODUCT_NAME = Scaremonger;
				SDKROOT = appletvos;
				SKIP_INSTALL = YES;
				SWIFT_VERSION = 5.0;
				TARGETED_DEVICE_FAMILY = 3;
				VERSIONING_SYSTEM = "apple-generic";
			};
			name = Release;
		};
/* End XCBuildConfiguration section */

/* Begin XCConfigurationList section */
		BBCD3AD59DF630D65C69CE3D /* Build configuration list for PBXNativeTarget "Scaremonger-iOS" */ = {
			isa = XCConfigurationList;
			buildConfigurations = (
				E18A421A143DC82637485729 /* Debug */,
				C3C7D7CD76FBF6081C2378EF /* Release */,
			);
			defaultConfigurationIsVisible = 0;
			defaultConfigurationName = "";
		};
		C910904618693F2A6C237659 /* Build configuration list for PBXProject "Scaremonger" */ = {
			isa = XCConfigurationList;
			buildConfigurations = (
				93C629C12BFBD416D38AEE84 /* Debug */,
				230966AF5298438C31C2C6D5 /* Release */,
			);
			defaultConfigurationIsVisible = 0;
			defaultConfigurationName = Debug;
		};
		EF4FB67285840C0179FC69F9 /* Build configuration list for PBXNativeTarget "Scaremonger-watchOS" */ = {
			isa = XCConfigurationList;
			buildConfigurations = (
				6E02695E58F42E814713B7F6 /* Debug */,
				3AE45114DFD0652F961DF854 /* Release */,
			);
			defaultConfigurationIsVisible = 0;
			defaultConfigurationName = "";
		};
		F1085D46C5D8AE5160F51402 /* Build configuration list for PBXNativeTarget "Scaremonger-tvOS" */ = {
			isa = XCConfigurationList;
			buildConfigurations = (
				135D9C0199F3582C2A0A9828 /* Debug */,
				EA4B9F150AA616503DCEEE40 /* Release */,
			);
			defaultConfigurationIsVisible = 0;
			defaultConfigurationName = "";
		};
/* End XCConfigurationList section */
	};
	rootObject = C3810F9C8437C108A3007194 /* Project object */;
}
